
Microsoft Visual Studio Solution File, Format Version 12.00
# Visual Studio Version 16
VisualStudioVersion = 16.0.30517.126
MinimumVisualStudioVersion = 10.0.40219.1
Project("{8BC9CEB8-8B4A-11D0-8D11-00A0C91BC942}") = "secudp", "secudp.vcxproj", "{F1D939A7-3008-415A-A656-0E51E53121A0}"
	ProjectSection(ProjectDependencies) = postProject
		{A185B162-6CB6-4502-B03F-B56F7699A8D9} = {A185B162-6CB6-4502-B03F-B56F7699A8D9}
	EndProjectSection
EndProject
Project("{8BC9CEB8-8B4A-11D0-8D11-00A0C91BC942}") = "libsodium", "libsodium\builds\msvc\vs2019\libsodium\libsodium.vcxproj", "{A185B162-6CB6-4502-B03F-B56F7699A8D9}"
EndProject
Global
	GlobalSection(SolutionConfigurationPlatforms) = preSolution
		Debug|Win32 = Debug|Win32
		Debug|x64 = Debug|x64
		Debug|x86 = Debug|x86
		DebugDLL|Win32 = DebugDLL|Win32
		DebugDLL|x64 = DebugDLL|x64
		DebugDLL|x86 = DebugDLL|x86
		DebugLIB|Win32 = DebugLIB|Win32
		DebugLIB|x64 = DebugLIB|x64
		DebugLIB|x86 = DebugLIB|x86
		DebugLTCG|Win32 = DebugLTCG|Win32
		DebugLTCG|x64 = DebugLTCG|x64
		DebugLTCG|x86 = DebugLTCG|x86
		Release|Win32 = Release|Win32
		Release|x64 = Release|x64
		Release|x86 = Release|x86
		ReleaseDLL|Win32 = ReleaseDLL|Win32
		ReleaseDLL|x64 = ReleaseDLL|x64
		ReleaseDLL|x86 = ReleaseDLL|x86
		ReleaseLIB|Win32 = ReleaseLIB|Win32
		ReleaseLIB|x64 = ReleaseLIB|x64
		ReleaseLIB|x86 = ReleaseLIB|x86
		ReleaseLTCG|Win32 = ReleaseLTCG|Win32
		ReleaseLTCG|x64 = ReleaseLTCG|x64
		ReleaseLTCG|x86 = ReleaseLTCG|x86
	EndGlobalSection
	GlobalSection(ProjectConfigurationPlatforms) = postSolution
		{F1D939A7-3008-415A-A656-0E51E53121A0}.Debug|Win32.ActiveCfg = Debug|Win32
		{F1D939A7-3008-415A-A656-0E51E53121A0}.Debug|Win32.Build.0 = Debug|Win32
		{F1D939A7-3008-415A-A656-0E51E53121A0}.Debug|x64.ActiveCfg = Debug|Win32
		{F1D939A7-3008-415A-A656-0E51E53121A0}.Debug|x86.ActiveCfg = Debug|Win32
		{F1D939A7-3008-415A-A656-0E51E53121A0}.Debug|x86.Build.0 = Debug|Win32
		{F1D939A7-3008-415A-A656-0E51E53121A0}.DebugDLL|Win32.ActiveCfg = Debug|Win32
		{F1D939A7-3008-415A-A656-0E51E53121A0}.DebugDLL|Win32.Build.0 = Debug|Win32
		{F1D939A7-3008-415A-A656-0E51E53121A0}.DebugDLL|x64.ActiveCfg = Debug|Win32
		{F1D939A7-3008-415A-A656-0E51E53121A0}.DebugDLL|x64.Build.0 = Debug|Win32
		{F1D939A7-3008-415A-A656-0E51E53121A0}.DebugDLL|x86.ActiveCfg = Debug|Win32
		{F1D939A7-3008-415A-A656-0E51E53121A0}.DebugDLL|x86.Build.0 = Debug|Win32
		{F1D939A7-3008-415A-A656-0E51E53121A0}.DebugLIB|Win32.ActiveCfg = Debug|Win32
		{F1D939A7-3008-415A-A656-0E51E53121A0}.DebugLIB|Win32.Build.0 = Debug|Win32
		{F1D939A7-3008-415A-A656-0E51E53121A0}.DebugLIB|x64.ActiveCfg = Debug|Win32
		{F1D939A7-3008-415A-A656-0E51E53121A0}.DebugLIB|x64.Build.0 = Debug|Win32
		{F1D939A7-3008-415A-A656-0E51E53121A0}.DebugLIB|x86.ActiveCfg = Debug|Win32
		{F1D939A7-3008-415A-A656-0E51E53121A0}.DebugLIB|x86.Build.0 = Debug|Win32
		{F1D939A7-3008-415A-A656-0E51E53121A0}.DebugLTCG|Win32.ActiveCfg = Debug|Win32
		{F1D939A7-3008-415A-A656-0E51E53121A0}.DebugLTCG|Win32.Build.0 = Debug|Win32
		{F1D939A7-3008-415A-A656-0E51E53121A0}.DebugLTCG|x64.ActiveCfg = Debug|Win32
		{F1D939A7-3008-415A-A656-0E51E53121A0}.DebugLTCG|x64.Build.0 = Debug|Win32
		{F1D939A7-3008-415A-A656-0E51E53121A0}.DebugLTCG|x86.ActiveCfg = Debug|Win32
		{F1D939A7-3008-415A-A656-0E51E53121A0}.DebugLTCG|x86.Build.0 = Debug|Win32
		{F1D939A7-3008-415A-A656-0E51E53121A0}.Release|Win32.ActiveCfg = Release|Win32
		{F1D939A7-3008-415A-A656-0E51E53121A0}.Release|Win32.Build.0 = Release|Win32
		{F1D939A7-3008-415A-A656-0E51E53121A0}.Release|x64.ActiveCfg = Release|Win32
		{F1D939A7-3008-415A-A656-0E51E53121A0}.Release|x86.ActiveCfg = Release|Win32
		{F1D939A7-3008-415A-A656-0E51E53121A0}.Release|x86.Build.0 = Release|Win32
		{F1D939A7-3008-415A-A656-0E51E53121A0}.ReleaseDLL|Win32.ActiveCfg = Release|Win32
		{F1D939A7-3008-415A-A656-0E51E53121A0}.ReleaseDLL|Win32.Build.0 = Release|Win32
		{F1D939A7-3008-415A-A656-0E51E53121A0}.ReleaseDLL|x64.ActiveCfg = Debug|Win32
		{F1D939A7-3008-415A-A656-0E51E53121A0}.ReleaseDLL|x64.Build.0 = Debug|Win32
		{F1D939A7-3008-415A-A656-0E51E53121A0}.ReleaseDLL|x86.ActiveCfg = Release|Win32
		{F1D939A7-3008-415A-A656-0E51E53121A0}.ReleaseDLL|x86.Build.0 = Release|Win32
		{F1D939A7-3008-415A-A656-0E51E53121A0}.ReleaseLIB|Win32.ActiveCfg = Release|Win32
		{F1D939A7-3008-415A-A656-0E51E53121A0}.ReleaseLIB|Win32.Build.0 = Release|Win32
		{F1D939A7-3008-415A-A656-0E51E53121A0}.ReleaseLIB|x64.ActiveCfg = Debug|Win32
		{F1D939A7-3008-415A-A656-0E51E53121A0}.ReleaseLIB|x64.Build.0 = Debug|Win32
		{F1D939A7-3008-415A-A656-0E51E53121A0}.ReleaseLIB|x86.ActiveCfg = Release|Win32
		{F1D939A7-3008-415A-A656-0E51E53121A0}.ReleaseLIB|x86.Build.0 = Release|Win32
		{F1D939A7-3008-415A-A656-0E51E53121A0}.ReleaseLTCG|Win32.ActiveCfg = Release|Win32
		{F1D939A7-3008-415A-A656-0E51E53121A0}.ReleaseLTCG|Win32.Build.0 = Release|Win32
		{F1D939A7-3008-415A-A656-0E51E53121A0}.ReleaseLTCG|x64.ActiveCfg = Debug|Win32
		{F1D939A7-3008-415A-A656-0E51E53121A0}.ReleaseLTCG|x64.Build.0 = Debug|Win32
		{F1D939A7-3008-415A-A656-0E51E53121A0}.ReleaseLTCG|x86.ActiveCfg = Release|Win32
		{F1D939A7-3008-415A-A656-0E51E53121A0}.ReleaseLTCG|x86.Build.0 = Release|Win32
		{A185B162-6CB6-4502-B03F-B56F7699A8D9}.Debug|Win32.ActiveCfg = DebugLTCG|Win32
		{A185B162-6CB6-4502-B03F-B56F7699A8D9}.Debug|Win32.Build.0 = DebugLTCG|Win32
		{A185B162-6CB6-4502-B03F-B56F7699A8D9}.Debug|x64.ActiveCfg = DebugLTCG|x64
		{A185B162-6CB6-4502-B03F-B56F7699A8D9}.Debug|x64.Build.0 = DebugLTCG|x64
		{A185B162-6CB6-4502-B03F-B56F7699A8D9}.Debug|x86.ActiveCfg = DebugLTCG|Win32
		{A185B162-6CB6-4502-B03F-B56F7699A8D9}.Debug|x86.Build.0 = DebugLTCG|Win32
		{A185B162-6CB6-4502-B03F-B56F7699A8D9}.DebugDLL|Win32.ActiveCfg = DebugDLL|Win32
		{A185B162-6CB6-4502-B03F-B56F7699A8D9}.DebugDLL|Win32.Build.0 = DebugDLL|Win32
		{A185B162-6CB6-4502-B03F-B56F7699A8D9}.DebugDLL|x64.ActiveCfg = DebugDLL|x64
		{A185B162-6CB6-4502-B03F-B56F7699A8D9}.DebugDLL|x64.Build.0 = DebugDLL|x64
		{A185B162-6CB6-4502-B03F-B56F7699A8D9}.DebugDLL|x86.ActiveCfg = DebugDLL|Win32
		{A185B162-6CB6-4502-B03F-B56F7699A8D9}.DebugDLL|x86.Build.0 = DebugDLL|Win32
		{A185B162-6CB6-4502-B03F-B56F7699A8D9}.DebugLIB|Win32.ActiveCfg = DebugLIB|Win32
		{A185B162-6CB6-4502-B03F-B56F7699A8D9}.DebugLIB|Win32.Build.0 = DebugLIB|Win32
		{A185B162-6CB6-4502-B03F-B56F7699A8D9}.DebugLIB|x64.ActiveCfg = DebugLIB|x64
		{A185B162-6CB6-4502-B03F-B56F7699A8D9}.DebugLIB|x64.Build.0 = DebugLIB|x64
		{A185B162-6CB6-4502-B03F-B56F7699A8D9}.DebugLIB|x86.ActiveCfg = DebugLIB|Win32
		{A185B162-6CB6-4502-B03F-B56F7699A8D9}.DebugLIB|x86.Build.0 = DebugLIB|Win32
		{A185B162-6CB6-4502-B03F-B56F7699A8D9}.DebugLTCG|Win32.ActiveCfg = DebugLTCG|Win32
		{A185B162-6CB6-4502-B03F-B56F7699A8D9}.DebugLTCG|Win32.Build.0 = DebugLTCG|Win32
		{A185B162-6CB6-4502-B03F-B56F7699A8D9}.DebugLTCG|x64.ActiveCfg = DebugLTCG|x64
		{A185B162-6CB6-4502-B03F-B56F7699A8D9}.DebugLTCG|x64.Build.0 = DebugLTCG|x64
		{A185B162-6CB6-4502-B03F-B56F7699A8D9}.DebugLTCG|x86.ActiveCfg = DebugLTCG|Win32
		{A185B162-6CB6-4502-B03F-B56F7699A8D9}.DebugLTCG|x86.Build.0 = DebugLTCG|Win32
		{A185B162-6CB6-4502-B03F-B56F7699A8D9}.Release|Win32.ActiveCfg = ReleaseLTCG|Win32
		{A185B162-6CB6-4502-B03F-B56F7699A8D9}.Release|Win32.Build.0 = ReleaseLTCG|Win32
		{A185B162-6CB6-4502-B03F-B56F7699A8D9}.Release|x64.ActiveCfg = ReleaseLTCG|x64
		{A185B162-6CB6-4502-B03F-B56F7699A8D9}.Release|x64.Build.0 = ReleaseLTCG|x64
		{A185B162-6CB6-4502-B03F-B56F7699A8D9}.Release|x86.ActiveCfg = ReleaseLTCG|Win32
		{A185B162-6CB6-4502-B03F-B56F7699A8D9}.Release|x86.Build.0 = ReleaseLTCG|Win32
		{A185B162-6CB6-4502-B03F-B56F7699A8D9}.ReleaseDLL|Win32.ActiveCfg = ReleaseDLL|Win32
		{A185B162-6CB6-4502-B03F-B56F7699A8D9}.ReleaseDLL|Win32.Build.0 = ReleaseDLL|Win32
		{A185B162-6CB6-4502-B03F-B56F7699A8D9}.ReleaseDLL|x64.ActiveCfg = ReleaseDLL|x64
		{A185B162-6CB6-4502-B03F-B56F7699A8D9}.ReleaseDLL|x64.Build.0 = ReleaseDLL|x64
		{A185B162-6CB6-4502-B03F-B56F7699A8D9}.ReleaseDLL|x86.ActiveCfg = ReleaseDLL|Win32
		{A185B162-6CB6-4502-B03F-B56F7699A8D9}.ReleaseDLL|x86.Build.0 = ReleaseDLL|Win32
		{A185B162-6CB6-4502-B03F-B56F7699A8D9}.ReleaseLIB|Win32.ActiveCfg = ReleaseLIB|Win32
		{A185B162-6CB6-4502-B03F-B56F7699A8D9}.ReleaseLIB|Win32.Build.0 = ReleaseLIB|Win32
		{A185B162-6CB6-4502-B03F-B56F7699A8D9}.ReleaseLIB|x64.ActiveCfg = ReleaseLIB|x64
		{A185B162-6CB6-4502-B03F-B56F7699A8D9}.ReleaseLIB|x64.Build.0 = ReleaseLIB|x64
		{A185B162-6CB6-4502-B03F-B56F7699A8D9}.ReleaseLIB|x86.ActiveCfg = ReleaseLIB|Win32
		{A185B162-6CB6-4502-B03F-B56F7699A8D9}.ReleaseLIB|x86.Build.0 = ReleaseLIB|Win32
		{A185B162-6CB6-4502-B03F-B56F7699A8D9}.ReleaseLTCG|Win32.ActiveCfg = ReleaseLTCG|Win32
		{A185B162-6CB6-4502-B03F-B56F7699A8D9}.ReleaseLTCG|Win32.Build.0 = ReleaseLTCG|Win32
		{A185B162-6CB6-4502-B03F-B56F7699A8D9}.ReleaseLTCG|x64.ActiveCfg = ReleaseLTCG|x64
		{A185B162-6CB6-4502-B03F-B56F7699A8D9}.ReleaseLTCG|x64.Build.0 = ReleaseLTCG|x64
		{A185B162-6CB6-4502-B03F-B56F7699A8D9}.ReleaseLTCG|x86.ActiveCfg = ReleaseLTCG|Win32
		{A185B162-6CB6-4502-B03F-B56F7699A8D9}.ReleaseLTCG|x86.Build.0 = ReleaseLTCG|Win32
	EndGlobalSection
	GlobalSection(SolutionProperties) = preSolution
		HideSolutionNode = FALSE
	EndGlobalSection
	GlobalSection(ExtensibilityGlobals) = postSolution
		SolutionGuid = {5661FCAE-7769-44F2-BC98-77B7FB54D854}
	EndGlobalSection
EndGlobal
